
Microsoft Visual Studio Solution File, Format Version 12.00
# Visual Studio 2013
VisualStudioVersion = 12.0.31101.0
MinimumVisualStudioVersion = 10.0.40219.1
Project("{FAE04EC0-301F-11D3-BF4B-00C04F79EFBC}") = "Build.Net", "Build.Net\Build.Net.csproj", "{C43DB121-CD90-4E4F-AB01-6D494D8521D8}"
EndProject
Project("{FAE04EC0-301F-11D3-BF4B-00C04F79EFBC}") = "Build.Net.SmartData", "Build.Net.SmartData\Build.Net.SmartData.csproj", "{551F913A-FB80-4879-A0C2-559CDD7AB85A}"
EndProject
Project("{FAE04EC0-301F-11D3-BF4B-00C04F79EFBC}") = "Build.Net.Framework", "Build.Net.Framework\Build.Net.Framework.csproj", "{8A57E37F-D8DE-40C2-ADD0-7A6905CFBD42}"
EndProject
Project("{FAE04EC0-301F-11D3-BF4B-00C04F79EFBC}") = "Build.Net.Operations", "Build.Net.Operations\Build.Net.Operations.csproj", "{114BDA7B-4B03-4D5C-9AF3-B1832121CA6F}"
EndProject
Project("{FAE04EC0-301F-11D3-BF4B-00C04F79EFBC}") = "Build.Net.UnitTests", "Build.Net.UnitTests\Build.Net.UnitTests.csproj", "{970504C3-0FB5-4ED3-875A-F919EE4FDE71}"
EndProject
Project("{2150E333-8FDC-42A3-9474-1A3956D46DE8}") = ".nuget", ".nuget", "{3553CC8A-1256-4934-B193-C15FDF5D5D81}"
	ProjectSection(SolutionItems) = preProject
		.nuget\packages.config = .nuget\packages.config
	EndProjectSection
EndProject
Global
	GlobalSection(SolutionConfigurationPlatforms) = preSolution
		Debug|Any CPU = Debug|Any CPU
		Release|Any CPU = Release|Any CPU
	EndGlobalSection
	GlobalSection(ProjectConfigurationPlatforms) = postSolution
		{C43DB121-CD90-4E4F-AB01-6D494D8521D8}.Debug|Any CPU.ActiveCfg = Debug|Any CPU
		{C43DB121-CD90-4E4F-AB01-6D494D8521D8}.Debug|Any CPU.Build.0 = Debug|Any CPU
		{C43DB121-CD90-4E4F-AB01-6D494D8521D8}.Release|Any CPU.ActiveCfg = Release|Any CPU
		{C43DB121-CD90-4E4F-AB01-6D494D8521D8}.Release|Any CPU.Build.0 = Release|Any CPU
		{551F913A-FB80-4879-A0C2-559CDD7AB85A}.Debug|Any CPU.ActiveCfg = Debug|Any CPU
		{551F913A-FB80-4879-A0C2-559CDD7AB85A}.Debug|Any CPU.Build.0 = Debug|Any CPU
		{551F913A-FB80-4879-A0C2-559CDD7AB85A}.Release|Any CPU.ActiveCfg = Release|Any CPU
		{551F913A-FB80-4879-A0C2-559CDD7AB85A}.Release|Any CPU.Build.0 = Release|Any CPU
		{8A57E37F-D8DE-40C2-ADD0-7A6905CFBD42}.Debug|Any CPU.ActiveCfg = Debug|Any CPU
		{8A57E37F-D8DE-40C2-ADD0-7A6905CFBD42}.Debug|Any CPU.Build.0 = Debug|Any CPU
		{8A57E37F-D8DE-40C2-ADD0-7A6905CFBD42}.Release|Any CPU.ActiveCfg = Release|Any CPU
		{8A57E37F-D8DE-40C2-ADD0-7A6905CFBD42}.Release|Any CPU.Build.0 = Release|Any CPU
		{114BDA7B-4B03-4D5C-9AF3-B1832121CA6F}.Debug|Any CPU.ActiveCfg = Debug|Any CPU
		{114BDA7B-4B03-4D5C-9AF3-B1832121CA6F}.Debug|Any CPU.Build.0 = Debug|Any CPU
		{114BDA7B-4B03-4D5C-9AF3-B1832121CA6F}.Release|Any CPU.ActiveCfg = Release|Any CPU
		{114BDA7B-4B03-4D5C-9AF3-B1832121CA6F}.Release|Any CPU.Build.0 = Release|Any CPU
		{970504C3-0FB5-4ED3-875A-F919EE4FDE71}.Debug|Any CPU.ActiveCfg = Debug|Any CPU
		{970504C3-0FB5-4ED3-875A-F919EE4FDE71}.Debug|Any CPU.Build.0 = Debug|Any CPU
		{970504C3-0FB5-4ED3-875A-F919EE4FDE71}.Release|Any CPU.ActiveCfg = Release|Any CPU
		{970504C3-0FB5-4ED3-875A-F919EE4FDE71}.Release|Any CPU.Build.0 = Release|Any CPU
	EndGlobalSection
	GlobalSection(SolutionProperties) = preSolution
		HideSolutionNode = FALSE
	EndGlobalSection
EndGlobal
